
Microsoft Visual Studio Solution File, Format Version 12.00
# Visual Studio Version 16
VisualStudioVersion = 16.0.30804.86
MinimumVisualStudioVersion = 10.0.40219.1
Project("{FAE04EC0-301F-11D3-BF4B-00C04F79EFBC}") = "KeePassXC-API", "KeePassXC-API\KeePassXC-API.csproj", "{210FFB5C-597E-43E0-8BF4-73721C991031}"
EndProject
Global
	GlobalSection(SolutionConfigurationPlatforms) = preSolution
		Debug|Any CPU = Debug|Any CPU
		Release|Any CPU = Release|Any CPU
	EndGlobalSection
	GlobalSection(ProjectConfigurationPlatforms) = postSolution
		{210FFB5C-597E-43E0-8BF4-73721C991031}.Debug|Any CPU.ActiveCfg = Debug|Any CPU
		{210FFB5C-597E-43E0-8BF4-73721C991031}.Debug|Any CPU.Build.0 = Debug|Any CPU
		{210FFB5C-597E-43E0-8BF4-73721C991031}.Release|Any CPU.ActiveCfg = Release|Any CPU
		{210FFB5C-597E-43E0-8BF4-73721C991031}.Release|Any CPU.Build.0 = Release|Any CPU
	EndGlobalSection
	GlobalSection(SolutionProperties) = preSolution
		HideSolutionNode = FALSE
	EndGlobalSection
	GlobalSection(ExtensibilityGlobals) = postSolution
		SolutionGuid = {F196BEB2-5B4B-4EFA-9805-9A049DD9B71A}
	EndGlobalSection
EndGlobal
